
Microsoft Visual Studio Solution File, Format Version 12.00
# Visual Studio Version 16
VisualStudioVersion = 16.0.32002.261
MinimumVisualStudioVersion = 10.0.40219.1
Project("{FAE04EC0-301F-11D3-BF4B-00C04F79EFBC}") = "Academia.UI.WindowsForms", "Academia.UI.WindowsForms\Academia.UI.WindowsForms.csproj", "{787EC846-4350-42C2-8EA5-1A540C173C73}"
EndProject
Project("{2150E333-8FDC-42A3-9474-1A3956D46DE8}") = "UI", "UI", "{FF650417-EA43-43E0-AE19-3C62A319C5D0}"
EndProject
Project("{2150E333-8FDC-42A3-9474-1A3956D46DE8}") = "Business", "Business", "{F95A9AA3-96E9-4C4B-9C0C-0C5BA70B303D}"
EndProject
Project("{FAE04EC0-301F-11D3-BF4B-00C04F79EFBC}") = "Business.Logic", "Business.Logic\Business.Logic.csproj", "{ABE0F263-9192-4FF7-A0B9-383FDAA60924}"
EndProject
Project("{FAE04EC0-301F-11D3-BF4B-00C04F79EFBC}") = "Business.Utils", "Business.Utils\Business.Utils.csproj", "{6F80A8F1-1146-4515-BC81-62574824ACAB}"
EndProject
Project("{2150E333-8FDC-42A3-9474-1A3956D46DE8}") = "ResourceAccess", "ResourceAccess", "{6F3AB297-45B1-4818-A64E-8A9423B13BC6}"
EndProject
Project("{FAE04EC0-301F-11D3-BF4B-00C04F79EFBC}") = "ResourceAccess.Repository", "ResourceAccess.Repository\ResourceAccess.Repository.csproj", "{98D5C669-A801-4F32-945C-2954EE3FB145}"
EndProject
Project("{FAE04EC0-301F-11D3-BF4B-00C04F79EFBC}") = "ResourceAccess.Repository.Config", "ResourceAccess.Repository.Config\ResourceAccess.Repository.Config.csproj", "{539C75AC-27C3-4FB6-A14B-EA34EDAC0969}"
EndProject
Project("{FAE04EC0-301F-11D3-BF4B-00C04F79EFBC}") = "Business.Entities", "Business.Entities\Business.Entities.csproj", "{F9D92829-1FB8-401A-8221-ADCC01BAA9F8}"
EndProject
Project("{2150E333-8FDC-42A3-9474-1A3956D46DE8}") = "Cross", "Cross", "{55F1E4A8-61F7-40A3-BF09-95AC741A58FC}"
EndProject
Project("{FAE04EC0-301F-11D3-BF4B-00C04F79EFBC}") = "Cross.Exceptions", "Cross.Exceptions\Cross.Exceptions.csproj", "{66E79F51-28A8-4540-847B-50714A8438A9}"
EndProject
Project("{FAE04EC0-301F-11D3-BF4B-00C04F79EFBC}") = "Cross.Labels", "Cross.Labels\Cross.Labels.csproj", "{CE1DD48C-6D48-4AA5-8CDA-A946C78EA195}"
EndProject
Project("{FAE04EC0-301F-11D3-BF4B-00C04F79EFBC}") = "Academia.UI.ViewModels", "Academia.UI.ViewModels\Academia.UI.ViewModels.csproj", "{E2818191-254E-4685-9F1A-C751F757AEBD}"
EndProject
Project("{FAE04EC0-301F-11D3-BF4B-00C04F79EFBC}") = "Business.Views", "Business.Views\Business.Views.csproj", "{D608B5D0-74A9-47E5-9943-467780ECD630}"
EndProject
Project("{FAE04EC0-301F-11D3-BF4B-00C04F79EFBC}") = "Academia.UI.Services", "Academia.UI.Services\Academia.UI.Services.csproj", "{0B1048C1-87D0-43CE-843B-9808A43DC36D}"
EndProject
Project("{FAE04EC0-301F-11D3-BF4B-00C04F79EFBC}") = "Business.Criterias", "Business.Criterias\Business.Criterias.csproj", "{52FF5F5E-E69C-42B8-9F4D-8A0741266B71}"
EndProject
Project("{2150E333-8FDC-42A3-9474-1A3956D46DE8}") = "Security", "Security", "{9972741E-42D9-4F72-8D83-F29654E7DB02}"
EndProject
Project("{FAE04EC0-301F-11D3-BF4B-00C04F79EFBC}") = "Security.Desktop", "Security.Desktop\Security.Desktop.csproj", "{8449E5E2-6F02-4883-9916-CE3CB8CC6CA0}"
EndProject
Project("{FAE04EC0-301F-11D3-BF4B-00C04F79EFBC}") = "Academia.UI.Globals", "Academia.UI.Globals\Academia.UI.Globals.csproj", "{DF69C628-E1B3-4386-B87C-5B813B739D32}"
EndProject
Project("{FAE04EC0-301F-11D3-BF4B-00C04F79EFBC}") = "Security.Web", "Security.Web\Security.Web.csproj", "{9B54E64D-F056-4CDC-A4C2-24EB02CD8AF0}"
EndProject
Project("{FAE04EC0-301F-11D3-BF4B-00C04F79EFBC}") = "Academia.UI.WebApi", "Academia.UI.WebApi\Academia.UI.WebApi.csproj", "{1D101A74-744B-417A-95BE-D3220C6A2827}"
EndProject
Global
	GlobalSection(SolutionConfigurationPlatforms) = preSolution
		Debug|Any CPU = Debug|Any CPU
		Release|Any CPU = Release|Any CPU
	EndGlobalSection
	GlobalSection(ProjectConfigurationPlatforms) = postSolution
		{787EC846-4350-42C2-8EA5-1A540C173C73}.Debug|Any CPU.ActiveCfg = Debug|Any CPU
		{787EC846-4350-42C2-8EA5-1A540C173C73}.Debug|Any CPU.Build.0 = Debug|Any CPU
		{787EC846-4350-42C2-8EA5-1A540C173C73}.Release|Any CPU.ActiveCfg = Release|Any CPU
		{787EC846-4350-42C2-8EA5-1A540C173C73}.Release|Any CPU.Build.0 = Release|Any CPU
		{ABE0F263-9192-4FF7-A0B9-383FDAA60924}.Debug|Any CPU.ActiveCfg = Debug|Any CPU
		{ABE0F263-9192-4FF7-A0B9-383FDAA60924}.Debug|Any CPU.Build.0 = Debug|Any CPU
		{ABE0F263-9192-4FF7-A0B9-383FDAA60924}.Release|Any CPU.ActiveCfg = Release|Any CPU
		{ABE0F263-9192-4FF7-A0B9-383FDAA60924}.Release|Any CPU.Build.0 = Release|Any CPU
		{6F80A8F1-1146-4515-BC81-62574824ACAB}.Debug|Any CPU.ActiveCfg = Debug|Any CPU
		{6F80A8F1-1146-4515-BC81-62574824ACAB}.Debug|Any CPU.Build.0 = Debug|Any CPU
		{6F80A8F1-1146-4515-BC81-62574824ACAB}.Release|Any CPU.ActiveCfg = Release|Any CPU
		{6F80A8F1-1146-4515-BC81-62574824ACAB}.Release|Any CPU.Build.0 = Release|Any CPU
		{98D5C669-A801-4F32-945C-2954EE3FB145}.Debug|Any CPU.ActiveCfg = Debug|Any CPU
		{98D5C669-A801-4F32-945C-2954EE3FB145}.Debug|Any CPU.Build.0 = Debug|Any CPU
		{98D5C669-A801-4F32-945C-2954EE3FB145}.Release|Any CPU.ActiveCfg = Release|Any CPU
		{98D5C669-A801-4F32-945C-2954EE3FB145}.Release|Any CPU.Build.0 = Release|Any CPU
		{539C75AC-27C3-4FB6-A14B-EA34EDAC0969}.Debug|Any CPU.ActiveCfg = Debug|Any CPU
		{539C75AC-27C3-4FB6-A14B-EA34EDAC0969}.Debug|Any CPU.Build.0 = Debug|Any CPU
		{539C75AC-27C3-4FB6-A14B-EA34EDAC0969}.Release|Any CPU.ActiveCfg = Release|Any CPU
		{539C75AC-27C3-4FB6-A14B-EA34EDAC0969}.Release|Any CPU.Build.0 = Release|Any CPU
		{F9D92829-1FB8-401A-8221-ADCC01BAA9F8}.Debug|Any CPU.ActiveCfg = Debug|Any CPU
		{F9D92829-1FB8-401A-8221-ADCC01BAA9F8}.Debug|Any CPU.Build.0 = Debug|Any CPU
		{F9D92829-1FB8-401A-8221-ADCC01BAA9F8}.Release|Any CPU.ActiveCfg = Release|Any CPU
		{F9D92829-1FB8-401A-8221-ADCC01BAA9F8}.Release|Any CPU.Build.0 = Release|Any CPU
		{66E79F51-28A8-4540-847B-50714A8438A9}.Debug|Any CPU.ActiveCfg = Debug|Any CPU
		{66E79F51-28A8-4540-847B-50714A8438A9}.Debug|Any CPU.Build.0 = Debug|Any CPU
		{66E79F51-28A8-4540-847B-50714A8438A9}.Release|Any CPU.ActiveCfg = Release|Any CPU
		{66E79F51-28A8-4540-847B-50714A8438A9}.Release|Any CPU.Build.0 = Release|Any CPU
		{CE1DD48C-6D48-4AA5-8CDA-A946C78EA195}.Debug|Any CPU.ActiveCfg = Debug|Any CPU
		{CE1DD48C-6D48-4AA5-8CDA-A946C78EA195}.Debug|Any CPU.Build.0 = Debug|Any CPU
		{CE1DD48C-6D48-4AA5-8CDA-A946C78EA195}.Release|Any CPU.ActiveCfg = Release|Any CPU
		{CE1DD48C-6D48-4AA5-8CDA-A946C78EA195}.Release|Any CPU.Build.0 = Release|Any CPU
		{E2818191-254E-4685-9F1A-C751F757AEBD}.Debug|Any CPU.ActiveCfg = Debug|Any CPU
		{E2818191-254E-4685-9F1A-C751F757AEBD}.Debug|Any CPU.Build.0 = Debug|Any CPU
		{E2818191-254E-4685-9F1A-C751F757AEBD}.Release|Any CPU.ActiveCfg = Release|Any CPU
		{E2818191-254E-4685-9F1A-C751F757AEBD}.Release|Any CPU.Build.0 = Release|Any CPU
		{D608B5D0-74A9-47E5-9943-467780ECD630}.Debug|Any CPU.ActiveCfg = Debug|Any CPU
		{D608B5D0-74A9-47E5-9943-467780ECD630}.Debug|Any CPU.Build.0 = Debug|Any CPU
		{D608B5D0-74A9-47E5-9943-467780ECD630}.Release|Any CPU.ActiveCfg = Release|Any CPU
		{D608B5D0-74A9-47E5-9943-467780ECD630}.Release|Any CPU.Build.0 = Release|Any CPU
		{0B1048C1-87D0-43CE-843B-9808A43DC36D}.Debug|Any CPU.ActiveCfg = Debug|Any CPU
		{0B1048C1-87D0-43CE-843B-9808A43DC36D}.Debug|Any CPU.Build.0 = Debug|Any CPU
		{0B1048C1-87D0-43CE-843B-9808A43DC36D}.Release|Any CPU.ActiveCfg = Release|Any CPU
		{0B1048C1-87D0-43CE-843B-9808A43DC36D}.Release|Any CPU.Build.0 = Release|Any CPU
		{52FF5F5E-E69C-42B8-9F4D-8A0741266B71}.Debug|Any CPU.ActiveCfg = Debug|Any CPU
		{52FF5F5E-E69C-42B8-9F4D-8A0741266B71}.Debug|Any CPU.Build.0 = Debug|Any CPU
		{52FF5F5E-E69C-42B8-9F4D-8A0741266B71}.Release|Any CPU.ActiveCfg = Release|Any CPU
		{52FF5F5E-E69C-42B8-9F4D-8A0741266B71}.Release|Any CPU.Build.0 = Release|Any CPU
		{8449E5E2-6F02-4883-9916-CE3CB8CC6CA0}.Debug|Any CPU.ActiveCfg = Debug|Any CPU
		{8449E5E2-6F02-4883-9916-CE3CB8CC6CA0}.Debug|Any CPU.Build.0 = Debug|Any CPU
		{8449E5E2-6F02-4883-9916-CE3CB8CC6CA0}.Release|Any CPU.ActiveCfg = Release|Any CPU
		{8449E5E2-6F02-4883-9916-CE3CB8CC6CA0}.Release|Any CPU.Build.0 = Release|Any CPU
		{DF69C628-E1B3-4386-B87C-5B813B739D32}.Debug|Any CPU.ActiveCfg = Debug|Any CPU
		{DF69C628-E1B3-4386-B87C-5B813B739D32}.Debug|Any CPU.Build.0 = Debug|Any CPU
		{DF69C628-E1B3-4386-B87C-5B813B739D32}.Release|Any CPU.ActiveCfg = Release|Any CPU
		{DF69C628-E1B3-4386-B87C-5B813B739D32}.Release|Any CPU.Build.0 = Release|Any CPU
		{9B54E64D-F056-4CDC-A4C2-24EB02CD8AF0}.Debug|Any CPU.ActiveCfg = Debug|Any CPU
		{9B54E64D-F056-4CDC-A4C2-24EB02CD8AF0}.Debug|Any CPU.Build.0 = Debug|Any CPU
		{9B54E64D-F056-4CDC-A4C2-24EB02CD8AF0}.Release|Any CPU.ActiveCfg = Release|Any CPU
		{9B54E64D-F056-4CDC-A4C2-24EB02CD8AF0}.Release|Any CPU.Build.0 = Release|Any CPU
		{1D101A74-744B-417A-95BE-D3220C6A2827}.Debug|Any CPU.ActiveCfg = Debug|Any CPU
		{1D101A74-744B-417A-95BE-D3220C6A2827}.Debug|Any CPU.Build.0 = Debug|Any CPU
		{1D101A74-744B-417A-95BE-D3220C6A2827}.Release|Any CPU.ActiveCfg = Release|Any CPU
		{1D101A74-744B-417A-95BE-D3220C6A2827}.Release|Any CPU.Build.0 = Release|Any CPU
	EndGlobalSection
	GlobalSection(SolutionProperties) = preSolution
		HideSolutionNode = FALSE
	EndGlobalSection
	GlobalSection(NestedProjects) = preSolution
		{787EC846-4350-42C2-8EA5-1A540C173C73} = {FF650417-EA43-43E0-AE19-3C62A319C5D0}
		{ABE0F263-9192-4FF7-A0B9-383FDAA60924} = {F95A9AA3-96E9-4C4B-9C0C-0C5BA70B303D}
		{6F80A8F1-1146-4515-BC81-62574824ACAB} = {F95A9AA3-96E9-4C4B-9C0C-0C5BA70B303D}
		{98D5C669-A801-4F32-945C-2954EE3FB145} = {6F3AB297-45B1-4818-A64E-8A9423B13BC6}
		{539C75AC-27C3-4FB6-A14B-EA34EDAC0969} = {6F3AB297-45B1-4818-A64E-8A9423B13BC6}
		{F9D92829-1FB8-401A-8221-ADCC01BAA9F8} = {F95A9AA3-96E9-4C4B-9C0C-0C5BA70B303D}
		{66E79F51-28A8-4540-847B-50714A8438A9} = {55F1E4A8-61F7-40A3-BF09-95AC741A58FC}
		{CE1DD48C-6D48-4AA5-8CDA-A946C78EA195} = {55F1E4A8-61F7-40A3-BF09-95AC741A58FC}
		{E2818191-254E-4685-9F1A-C751F757AEBD} = {FF650417-EA43-43E0-AE19-3C62A319C5D0}
		{D608B5D0-74A9-47E5-9943-467780ECD630} = {F95A9AA3-96E9-4C4B-9C0C-0C5BA70B303D}
		{0B1048C1-87D0-43CE-843B-9808A43DC36D} = {FF650417-EA43-43E0-AE19-3C62A319C5D0}
		{52FF5F5E-E69C-42B8-9F4D-8A0741266B71} = {F95A9AA3-96E9-4C4B-9C0C-0C5BA70B303D}
		{8449E5E2-6F02-4883-9916-CE3CB8CC6CA0} = {9972741E-42D9-4F72-8D83-F29654E7DB02}
		{DF69C628-E1B3-4386-B87C-5B813B739D32} = {FF650417-EA43-43E0-AE19-3C62A319C5D0}
		{9B54E64D-F056-4CDC-A4C2-24EB02CD8AF0} = {9972741E-42D9-4F72-8D83-F29654E7DB02}
		{1D101A74-744B-417A-95BE-D3220C6A2827} = {FF650417-EA43-43E0-AE19-3C62A319C5D0}
	EndGlobalSection
	GlobalSection(ExtensibilityGlobals) = postSolution
		SolutionGuid = {B5E5B549-4086-4223-8A82-C20E651DEFC5}
		EnterpriseLibraryConfigurationToolBinariesPathV6 = packages\EnterpriseLibrary.Common.6.0.1304.0\lib\NET45;packages\EnterpriseLibrary.Validation.6.0.1304.0\lib\NET45
	EndGlobalSection
EndGlobal
